
Microsoft Visual Studio Solution File, Format Version 11.00
# Visual Studio 2010
Project("{FAE04EC0-301F-11D3-BF4B-00C04F79EFBC}") = "Assembly-CSharp", "Assembly-CSharp.csproj", "{91D2ADEA-A461-D146-6246-5E1F9D9A856D}"
EndProject
Project("{FAE04EC0-301F-11D3-BF4B-00C04F79EFBC}") = "Assembly-CSharp-firstpass", "Assembly-CSharp-firstpass.csproj", "{B8F7B107-AB40-6096-D2DD-CA1FBFE33014}"
EndProject
Project("{FAE04EC0-301F-11D3-BF4B-00C04F79EFBC}") = "Assembly-CSharp-Editor", "Assembly-CSharp-Editor.csproj", "{789BFB3D-1975-255F-6A49-35DC29502268}"
EndProject
Project("{FAE04EC0-301F-11D3-BF4B-00C04F79EFBC}") = "Assembly-CSharp-Editor-firstpass", "Assembly-CSharp-Editor-firstpass.csproj", "{DD3406AB-1266-411D-6E20-FAD29838B04A}"
EndProject
Global
	GlobalSection(SolutionConfigurationPlatforms) = preSolution
		Debug|Any CPU = Debug|Any CPU
		Release|Any CPU = Release|Any CPU
	EndGlobalSection
	GlobalSection(ProjectConfigurationPlatforms) = postSolution
		{91D2ADEA-A461-D146-6246-5E1F9D9A856D}.Debug|Any CPU.ActiveCfg = Debug|Any CPU
		{91D2ADEA-A461-D146-6246-5E1F9D9A856D}.Debug|Any CPU.Build.0 = Debug|Any CPU
		{91D2ADEA-A461-D146-6246-5E1F9D9A856D}.Release|Any CPU.ActiveCfg = Release|Any CPU
		{91D2ADEA-A461-D146-6246-5E1F9D9A856D}.Release|Any CPU.Build.0 = Release|Any CPU
		{B8F7B107-AB40-6096-D2DD-CA1FBFE33014}.Debug|Any CPU.ActiveCfg = Debug|Any CPU
		{B8F7B107-AB40-6096-D2DD-CA1FBFE33014}.Debug|Any CPU.Build.0 = Debug|Any CPU
		{B8F7B107-AB40-6096-D2DD-CA1FBFE33014}.Release|Any CPU.ActiveCfg = Release|Any CPU
		{B8F7B107-AB40-6096-D2DD-CA1FBFE33014}.Release|Any CPU.Build.0 = Release|Any CPU
		{789BFB3D-1975-255F-6A49-35DC29502268}.Debug|Any CPU.ActiveCfg = Debug|Any CPU
		{789BFB3D-1975-255F-6A49-35DC29502268}.Debug|Any CPU.Build.0 = Debug|Any CPU
		{789BFB3D-1975-255F-6A49-35DC29502268}.Release|Any CPU.ActiveCfg = Release|Any CPU
		{789BFB3D-1975-255F-6A49-35DC29502268}.Release|Any CPU.Build.0 = Release|Any CPU
		{DD3406AB-1266-411D-6E20-FAD29838B04A}.Debug|Any CPU.ActiveCfg = Debug|Any CPU
		{DD3406AB-1266-411D-6E20-FAD29838B04A}.Debug|Any CPU.Build.0 = Debug|Any CPU
		{DD3406AB-1266-411D-6E20-FAD29838B04A}.Release|Any CPU.ActiveCfg = Release|Any CPU
		{DD3406AB-1266-411D-6E20-FAD29838B04A}.Release|Any CPU.Build.0 = Release|Any CPU
	EndGlobalSection
	GlobalSection(SolutionProperties) = preSolution
		HideSolutionNode = FALSE
	EndGlobalSection
EndGlobal
